
Microsoft Visual Studio Solution File, Format Version 12.00
# Visual Studio Version 17
VisualStudioVersion = 17.14.36915.13 d17.14
MinimumVisualStudioVersion = 10.0.40219.1
Project("{2150E333-8FDC-42A3-9474-1A3956D46DE8}") = "Dock", "Dock", "{02EA681E-C7D8-13C7-8484-4AC65E1B71E8}"
EndProject
Project("{2150E333-8FDC-42A3-9474-1A3956D46DE8}") = "Src", "Src", "{4ABE2AA7-FB3A-4661-AE32-4DBA69821F58}"
EndProject
Project("{2150E333-8FDC-42A3-9474-1A3956D46DE8}") = "Test", "Test", "{A8609B25-C60F-4075-B96A-FFE39C31B583}"
EndProject
Project("{2150E333-8FDC-42A3-9474-1A3956D46DE8}") = "Common", "Common", "{331E35F4-2614-4F84-AFF0-D7E8E997C689}"
EndProject
Project("{2150E333-8FDC-42A3-9474-1A3956D46DE8}") = "Core", "Core", "{1E1963D1-CAEB-4D0E-8CAB-01C5B537AB92}"
EndProject
Project("{2150E333-8FDC-42A3-9474-1A3956D46DE8}") = "Infrastructure", "Infrastructure", "{A6FB76D5-B369-4351-A0FC-577825652AF9}"
EndProject
Project("{2150E333-8FDC-42A3-9474-1A3956D46DE8}") = "Presentation", "Presentation", "{A3B254A2-5BAC-4AE8-A1BF-2DF73DC52427}"
EndProject
Project("{FAE04EC0-301F-11D3-BF4B-00C04F79EFBC}") = "Common", "Common\Common.csproj", "{95E445D9-0060-433B-90FF-D8A8F5915DC3}"
EndProject
Project("{FAE04EC0-301F-11D3-BF4B-00C04F79EFBC}") = "Dr.Domain", "Domain\Dr.Domain.csproj", "{B8AE888A-98A9-402A-918E-F1E5968FDD4F}"
EndProject
Project("{FAE04EC0-301F-11D3-BF4B-00C04F79EFBC}") = "Dr.Application", "Application\Dr.Application.csproj", "{91F6FC8C-7D64-4EC8-8D34-AB5F28B195D3}"
EndProject
Project("{FAE04EC0-301F-11D3-BF4B-00C04F79EFBC}") = "Dr.Infrastructure", "Dr.Infrastructure\Dr.Infrastructure.csproj", "{CC2CE62D-ACF2-4998-864F-A71C0106DE9B}"
EndProject
Project("{FAE04EC0-301F-11D3-BF4B-00C04F79EFBC}") = "Dr.Persistence", "Dr.Persistence\Dr.Persistence.csproj", "{78439293-687A-43FB-B412-57F318154685}"
EndProject
Project("{FAE04EC0-301F-11D3-BF4B-00C04F79EFBC}") = "Presentation", "Presentation\Presentation.csproj", "{BB0ACB84-0558-4C3C-B567-FBD1188356ED}"
EndProject
Global
	GlobalSection(SolutionConfigurationPlatforms) = preSolution
		Debug|Any CPU = Debug|Any CPU
		Release|Any CPU = Release|Any CPU
	EndGlobalSection
	GlobalSection(ProjectConfigurationPlatforms) = postSolution
		{95E445D9-0060-433B-90FF-D8A8F5915DC3}.Debug|Any CPU.ActiveCfg = Debug|Any CPU
		{95E445D9-0060-433B-90FF-D8A8F5915DC3}.Debug|Any CPU.Build.0 = Debug|Any CPU
		{95E445D9-0060-433B-90FF-D8A8F5915DC3}.Release|Any CPU.ActiveCfg = Release|Any CPU
		{95E445D9-0060-433B-90FF-D8A8F5915DC3}.Release|Any CPU.Build.0 = Release|Any CPU
		{B8AE888A-98A9-402A-918E-F1E5968FDD4F}.Debug|Any CPU.ActiveCfg = Debug|Any CPU
		{B8AE888A-98A9-402A-918E-F1E5968FDD4F}.Debug|Any CPU.Build.0 = Debug|Any CPU
		{B8AE888A-98A9-402A-918E-F1E5968FDD4F}.Release|Any CPU.ActiveCfg = Release|Any CPU
		{B8AE888A-98A9-402A-918E-F1E5968FDD4F}.Release|Any CPU.Build.0 = Release|Any CPU
		{91F6FC8C-7D64-4EC8-8D34-AB5F28B195D3}.Debug|Any CPU.ActiveCfg = Debug|Any CPU
		{91F6FC8C-7D64-4EC8-8D34-AB5F28B195D3}.Debug|Any CPU.Build.0 = Debug|Any CPU
		{91F6FC8C-7D64-4EC8-8D34-AB5F28B195D3}.Release|Any CPU.ActiveCfg = Release|Any CPU
		{91F6FC8C-7D64-4EC8-8D34-AB5F28B195D3}.Release|Any CPU.Build.0 = Release|Any CPU
		{CC2CE62D-ACF2-4998-864F-A71C0106DE9B}.Debug|Any CPU.ActiveCfg = Debug|Any CPU
		{CC2CE62D-ACF2-4998-864F-A71C0106DE9B}.Debug|Any CPU.Build.0 = Debug|Any CPU
		{CC2CE62D-ACF2-4998-864F-A71C0106DE9B}.Release|Any CPU.ActiveCfg = Release|Any CPU
		{CC2CE62D-ACF2-4998-864F-A71C0106DE9B}.Release|Any CPU.Build.0 = Release|Any CPU
		{78439293-687A-43FB-B412-57F318154685}.Debug|Any CPU.ActiveCfg = Debug|Any CPU
		{78439293-687A-43FB-B412-57F318154685}.Debug|Any CPU.Build.0 = Debug|Any CPU
		{78439293-687A-43FB-B412-57F318154685}.Release|Any CPU.ActiveCfg = Release|Any CPU
		{78439293-687A-43FB-B412-57F318154685}.Release|Any CPU.Build.0 = Release|Any CPU
		{BB0ACB84-0558-4C3C-B567-FBD1188356ED}.Debug|Any CPU.ActiveCfg = Debug|Any CPU
		{BB0ACB84-0558-4C3C-B567-FBD1188356ED}.Debug|Any CPU.Build.0 = Debug|Any CPU
		{BB0ACB84-0558-4C3C-B567-FBD1188356ED}.Release|Any CPU.ActiveCfg = Release|Any CPU
		{BB0ACB84-0558-4C3C-B567-FBD1188356ED}.Release|Any CPU.Build.0 = Release|Any CPU
	EndGlobalSection
	GlobalSection(SolutionProperties) = preSolution
		HideSolutionNode = FALSE
	EndGlobalSection
	GlobalSection(NestedProjects) = preSolution
		{331E35F4-2614-4F84-AFF0-D7E8E997C689} = {4ABE2AA7-FB3A-4661-AE32-4DBA69821F58}
		{1E1963D1-CAEB-4D0E-8CAB-01C5B537AB92} = {4ABE2AA7-FB3A-4661-AE32-4DBA69821F58}
		{A6FB76D5-B369-4351-A0FC-577825652AF9} = {4ABE2AA7-FB3A-4661-AE32-4DBA69821F58}
		{A3B254A2-5BAC-4AE8-A1BF-2DF73DC52427} = {4ABE2AA7-FB3A-4661-AE32-4DBA69821F58}
		{95E445D9-0060-433B-90FF-D8A8F5915DC3} = {331E35F4-2614-4F84-AFF0-D7E8E997C689}
		{B8AE888A-98A9-402A-918E-F1E5968FDD4F} = {1E1963D1-CAEB-4D0E-8CAB-01C5B537AB92}
		{91F6FC8C-7D64-4EC8-8D34-AB5F28B195D3} = {1E1963D1-CAEB-4D0E-8CAB-01C5B537AB92}
		{CC2CE62D-ACF2-4998-864F-A71C0106DE9B} = {A6FB76D5-B369-4351-A0FC-577825652AF9}
		{78439293-687A-43FB-B412-57F318154685} = {A6FB76D5-B369-4351-A0FC-577825652AF9}
		{BB0ACB84-0558-4C3C-B567-FBD1188356ED} = {A3B254A2-5BAC-4AE8-A1BF-2DF73DC52427}
	EndGlobalSection
	GlobalSection(ExtensibilityGlobals) = postSolution
		SolutionGuid = {429AC3A6-9739-411E-9426-926136C10FA0}
	EndGlobalSection
EndGlobal
